
Microsoft Visual Studio Solution File, Format Version 12.00
# Visual Studio Version 16
VisualStudioVersion = 16.0.31313.79
MinimumVisualStudioVersion = 10.0.40219.1
Project("{FAE04EC0-301F-11D3-BF4B-00C04F79EFBC}") = "Async_Eugene", "Async_Eugene\Async_Eugene.csproj", "{97A6D4C2-A2BC-438E-A3E1-67FA19BF7047}"
EndProject
Global
	GlobalSection(SolutionConfigurationPlatforms) = preSolution
		Debug|Any CPU = Debug|Any CPU
		Release|Any CPU = Release|Any CPU
	EndGlobalSection
	GlobalSection(ProjectConfigurationPlatforms) = postSolution
		{97A6D4C2-A2BC-438E-A3E1-67FA19BF7047}.Debug|Any CPU.ActiveCfg = Debug|Any CPU
		{97A6D4C2-A2BC-438E-A3E1-67FA19BF7047}.Debug|Any CPU.Build.0 = Debug|Any CPU
		{97A6D4C2-A2BC-438E-A3E1-67FA19BF7047}.Release|Any CPU.ActiveCfg = Release|Any CPU
		{97A6D4C2-A2BC-438E-A3E1-67FA19BF7047}.Release|Any CPU.Build.0 = Release|Any CPU
	EndGlobalSection
	GlobalSection(SolutionProperties) = preSolution
		HideSolutionNode = FALSE
	EndGlobalSection
	GlobalSection(ExtensibilityGlobals) = postSolution
		SolutionGuid = {5527A236-F784-40DE-A476-32633ED45232}
	EndGlobalSection
EndGlobal
