
Microsoft Visual Studio Solution File, Format Version 12.00
# Visual Studio Version 16
VisualStudioVersion = 16.0.32126.315
MinimumVisualStudioVersion = 10.0.40219.1
Project("{FAE04EC0-301F-11D3-BF4B-00C04F79EFBC}") = "HTML2PDF_Service", "HTML2PDF_Service\HTML2PDF_Service.csproj", "{CC3CDE3D-7F98-44B3-BF8B-BA3D7A274292}"
EndProject
Global
	GlobalSection(SolutionConfigurationPlatforms) = preSolution
		Debug|Any CPU = Debug|Any CPU
		Release|Any CPU = Release|Any CPU
	EndGlobalSection
	GlobalSection(ProjectConfigurationPlatforms) = postSolution
		{CC3CDE3D-7F98-44B3-BF8B-BA3D7A274292}.Debug|Any CPU.ActiveCfg = Debug|Any CPU
		{CC3CDE3D-7F98-44B3-BF8B-BA3D7A274292}.Debug|Any CPU.Build.0 = Debug|Any CPU
		{CC3CDE3D-7F98-44B3-BF8B-BA3D7A274292}.Release|Any CPU.ActiveCfg = Release|Any CPU
		{CC3CDE3D-7F98-44B3-BF8B-BA3D7A274292}.Release|Any CPU.Build.0 = Release|Any CPU
	EndGlobalSection
	GlobalSection(SolutionProperties) = preSolution
		HideSolutionNode = FALSE
	EndGlobalSection
	GlobalSection(ExtensibilityGlobals) = postSolution
		SolutionGuid = {2AFB212C-78BC-4D9A-AC6F-B8C57C1B1E97}
	EndGlobalSection
EndGlobal
